
Microsoft Visual Studio Solution File, Format Version 12.00
# Visual Studio Version 17
VisualStudioVersion = 17.4.33103.184
MinimumVisualStudioVersion = 10.0.40219.1
Project("{FAE04EC0-301F-11D3-BF4B-00C04F79EFBC}") = "ProiectJoc", "ProiectJoc.csproj", "{14D5AE3D-C10B-4ED3-80BE-31CC567D5976}"
EndProject
Global
	GlobalSection(SolutionConfigurationPlatforms) = preSolution
		Debug|Any CPU = Debug|Any CPU
		Release|Any CPU = Release|Any CPU
	EndGlobalSection
	GlobalSection(ProjectConfigurationPlatforms) = postSolution
		{14D5AE3D-C10B-4ED3-80BE-31CC567D5976}.Debug|Any CPU.ActiveCfg = Debug|Any CPU
		{14D5AE3D-C10B-4ED3-80BE-31CC567D5976}.Debug|Any CPU.Build.0 = Debug|Any CPU
		{14D5AE3D-C10B-4ED3-80BE-31CC567D5976}.Release|Any CPU.ActiveCfg = Release|Any CPU
		{14D5AE3D-C10B-4ED3-80BE-31CC567D5976}.Release|Any CPU.Build.0 = Release|Any CPU
	EndGlobalSection
	GlobalSection(SolutionProperties) = preSolution
		HideSolutionNode = FALSE
	EndGlobalSection
	GlobalSection(ExtensibilityGlobals) = postSolution
		SolutionGuid = {CDE2CA74-7468-4699-85C5-D42D48FAFB83}
	EndGlobalSection
EndGlobal
